
Microsoft Visual Studio Solution File, Format Version 12.00
# Visual Studio Version 17
VisualStudioVersion = 17.0.32112.339
MinimumVisualStudioVersion = 10.0.40219.1
Project("{9A19103F-16F7-4668-BE54-9A1E7A4F7556}") = "RPGAssignment", "RPGAssignment.csproj", "{A7CB232F-B4E2-48AC-A342-59BED3972372}"
EndProject
Project("{FAE04EC0-301F-11D3-BF4B-00C04F79EFBC}") = "RPGAssignmentTest", "..\RPGAssignmentTest\RPGAssignmentTest.csproj", "{DF38B6EA-D695-4694-AC77-5881C0DF8E87}"
EndProject
Global
	GlobalSection(SolutionConfigurationPlatforms) = preSolution
		Debug|Any CPU = Debug|Any CPU
		Release|Any CPU = Release|Any CPU
	EndGlobalSection
	GlobalSection(ProjectConfigurationPlatforms) = postSolution
		{A7CB232F-B4E2-48AC-A342-59BED3972372}.Debug|Any CPU.ActiveCfg = Debug|Any CPU
		{A7CB232F-B4E2-48AC-A342-59BED3972372}.Debug|Any CPU.Build.0 = Debug|Any CPU
		{A7CB232F-B4E2-48AC-A342-59BED3972372}.Release|Any CPU.ActiveCfg = Release|Any CPU
		{A7CB232F-B4E2-48AC-A342-59BED3972372}.Release|Any CPU.Build.0 = Release|Any CPU
		{DF38B6EA-D695-4694-AC77-5881C0DF8E87}.Debug|Any CPU.ActiveCfg = Debug|Any CPU
		{DF38B6EA-D695-4694-AC77-5881C0DF8E87}.Debug|Any CPU.Build.0 = Debug|Any CPU
		{DF38B6EA-D695-4694-AC77-5881C0DF8E87}.Release|Any CPU.ActiveCfg = Release|Any CPU
		{DF38B6EA-D695-4694-AC77-5881C0DF8E87}.Release|Any CPU.Build.0 = Release|Any CPU
	EndGlobalSection
	GlobalSection(SolutionProperties) = preSolution
		HideSolutionNode = FALSE
	EndGlobalSection
	GlobalSection(ExtensibilityGlobals) = postSolution
		SolutionGuid = {E86BD56F-EDD7-49B6-A47C-6C4760AC9C93}
	EndGlobalSection
EndGlobal
